
Microsoft Visual Studio Solution File, Format Version 12.00
# Visual Studio 14
VisualStudioVersion = 14.0.25420.1
MinimumVisualStudioVersion = 10.0.40219.1
Project("{FAE04EC0-301F-11D3-BF4B-00C04F79EFBC}") = "AcyclicColorer", "AcyclicColorer.csproj", "{DA45737A-EDB6-4EE2-856E-43F919055EDB}"
EndProject
Project("{FAE04EC0-301F-11D3-BF4B-00C04F79EFBC}") = "AcyclicColorerTests", "..\AcyclicColorerTests\AcyclicColorerTests.csproj", "{CD6136C5-5C3A-4A9E-9EDB-4B1100219B60}"
EndProject
Global
	GlobalSection(SolutionConfigurationPlatforms) = preSolution
		Debug|Any CPU = Debug|Any CPU
		Release|Any CPU = Release|Any CPU
	EndGlobalSection
	GlobalSection(ProjectConfigurationPlatforms) = postSolution
		{DA45737A-EDB6-4EE2-856E-43F919055EDB}.Debug|Any CPU.ActiveCfg = Debug|Any CPU
		{DA45737A-EDB6-4EE2-856E-43F919055EDB}.Debug|Any CPU.Build.0 = Debug|Any CPU
		{DA45737A-EDB6-4EE2-856E-43F919055EDB}.Release|Any CPU.ActiveCfg = Release|Any CPU
		{DA45737A-EDB6-4EE2-856E-43F919055EDB}.Release|Any CPU.Build.0 = Release|Any CPU
		{CD6136C5-5C3A-4A9E-9EDB-4B1100219B60}.Debug|Any CPU.ActiveCfg = Debug|Any CPU
		{CD6136C5-5C3A-4A9E-9EDB-4B1100219B60}.Debug|Any CPU.Build.0 = Debug|Any CPU
		{CD6136C5-5C3A-4A9E-9EDB-4B1100219B60}.Release|Any CPU.ActiveCfg = Release|Any CPU
		{CD6136C5-5C3A-4A9E-9EDB-4B1100219B60}.Release|Any CPU.Build.0 = Release|Any CPU
	EndGlobalSection
	GlobalSection(SolutionProperties) = preSolution
		HideSolutionNode = FALSE
	EndGlobalSection
EndGlobal
